dependencies:
- name: mysql
  repository: file://../../oai-5g-core/mysql
  version: 9.0.1
- name: oai-nrf
  repository: file://../../oai-5g-core/oai-nrf
  version: v2.1.0
- name: oai-udr
  repository: file://../../oai-5g-core/oai-udr
  version: v2.1.0
- name: oai-udm
  repository: file://../../oai-5g-core/oai-udm
  version: v2.1.0
- name: oai-ausf
  repository: file://../../oai-5g-core/oai-ausf
  version: v2.1.0
- name: oai-amf
  repository: file://../../oai-5g-core/oai-amf
  version: v2.1.0
- name: oai-smf
  repository: file://../../oai-5g-core/oai-smf
  version: v2.1.0
- name: oai-upf
  repository: file://../../oai-5g-core/oai-upf
  version: v2.1.0
- name: oai-cu
  repository: file://../../oai-5g-ran/oai-cu
  version: 2.1.0
- name: oai-du1
  repository: file://../../oai-5g-ran/oai-du1
  version: 2.1.0
- name: oai-du2
  repository: file://../../oai-5g-ran/oai-du2
  version: 2.1.0
- name: oai-nr-ue
  repository: file://../../oai-5g-ran/oai-nr-ue
  version: 2.1.0
- name: oai-traffic-server
  repository: file://../../oai-5g-core/oai-traffic-server
  version: v1
- name: oai-ric
  repository: file://../../oai-5g-ran/oai-5g-ric/
  version: 0.1.0
- name: xapp-kpm-moni
  repository: file://../../oai-5g-ran/xapp-kpm-moni
  version: 0.1.0
digest: sha256:484c19dcbe4a75901fe0b01583cf7514881cc8c177a6f3ee2a198c11a882ff0b
generated: "2025-09-09T17:18:27.040426254+02:00"
